
Microsoft Visual Studio Solution File, Format Version 12.00
# Visual Studio Version 16
VisualStudioVersion = 16.0.29509.3
MinimumVisualStudioVersion = 10.0.40219.1
Project("{FAE04EC0-301F-11D3-BF4B-00C04F79EFBC}") = "ClinicManager", "ClinicManager.csproj", "{6231841A-CFF8-4977-BE48-7463DF809BDA}"
EndProject
Global
	GlobalSection(SolutionConfigurationPlatforms) = preSolution
		Debug|Any CPU = Debug|Any CPU
		Release|Any CPU = Release|Any CPU
	EndGlobalSection
	GlobalSection(ProjectConfigurationPlatforms) = postSolution
		{6231841A-CFF8-4977-BE48-7463DF809BDA}.Debug|Any CPU.ActiveCfg = Debug|Any CPU
		{6231841A-CFF8-4977-BE48-7463DF809BDA}.Debug|Any CPU.Build.0 = Debug|Any CPU
		{6231841A-CFF8-4977-BE48-7463DF809BDA}.Release|Any CPU.ActiveCfg = Release|Any CPU
		{6231841A-CFF8-4977-BE48-7463DF809BDA}.Release|Any CPU.Build.0 = Release|Any CPU
	EndGlobalSection
	GlobalSection(SolutionProperties) = preSolution
		HideSolutionNode = FALSE
	EndGlobalSection
	GlobalSection(ExtensibilityGlobals) = postSolution
		SolutionGuid = {FEE26DB7-41A9-4A19-AFF7-241887E01A15}
	EndGlobalSection
EndGlobal
